<?xml version="1.0" encoding="utf-8"?>
<Project ToolsVersion="4.0" xmlns="http://schemas.microsoft.com/developer/msbuild/2003">
  <ItemGroup>
    <ClCompile Include="..\..\src\gui\gui.loadPhase.cpp">
      <Filter>phases</Filter>
    </ClCompile>
    <ClCompile Include="..\..\src\gui\gui.mainMenuPhase.cpp">
      <Filter>phases</Filter>
    </ClCompile>
    <ClCompile Include="..\..\src\gui\gui.playPhase.cpp">
      <Filter>phases</Filter>
    </ClCompile>
    <ClCompile Include="..\..\src\gui\gui.shutdownPhase.cpp">
      <Filter>phases</Filter>
    </ClCompile>
    <ClCompile Include="..\..\src\gui\gui.startupPhase.cpp">
      <Filter>phases</Filter>
    </ClCompile>
    <ClCompile Include="..\..\src\gui\gui.unloadPhase.cpp">
      <Filter>phases</Filter>
    </ClCompile>
    <ClCompile Include="..\..\src\gui\gui.inputSystem.cpp">
      <Filter>input</Filter>
    </ClCompile>
  </ItemGroup>
  <ItemGroup>
    <ClInclude Include="..\..\src\gui\gui.loadPhase.h">
      <Filter>phases</Filter>
    </ClInclude>
    <ClInclude Include="..\..\src\gui\gui.mainMenuPhase.h">
      <Filter>phases</Filter>
    </ClInclude>
    <ClInclude Include="..\..\src\gui\gui.playPhase.h">
      <Filter>phases</Filter>
    </ClInclude>
    <ClInclude Include="..\..\src\gui\gui.shutdownPhase.h">
      <Filter>phases</Filter>
    </ClInclude>
    <ClInclude Include="..\..\src\gui\gui.startupPhase.h">
      <Filter>phases</Filter>
    </ClInclude>
    <ClInclude Include="..\..\src\gui\gui.unloadPhase.h">
      <Filter>phases</Filter>
    </ClInclude>
    <ClInclude Include="..\..\src\gui\gui.input.h">
      <Filter>input</Filter>
    </ClInclude>
    <ClInclude Include="..\..\src\gui\gui.inputSystem.h">
      <Filter>input</Filter>
    </ClInclude>
  </ItemGroup>
  <ItemGroup>
    <Filter Include="phases">
      <UniqueIdentifier>{79bce0c7-8181-4647-b3e5-984471b33013}</UniqueIdentifier>
    </Filter>
    <Filter Include="input">
      <UniqueIdentifier>{1dc19b0d-c9fb-478c-b16d-4bba4c9e461b}</UniqueIdentifier>
    </Filter>
  </ItemGroup>
</Project>