<?xml version="1.0" encoding="utf-8"?>
<Project ToolsVersion="4.0" xmlns="http://schemas.microsoft.com/developer/msbuild/2003">
  <ItemGroup>
    <ClCompile Include="..\..\src\data\data.startupPhase.cpp">
      <Filter>phases</Filter>
    </ClCompile>
    <ClCompile Include="..\..\src\data\data.shutdownPhase.cpp">
      <Filter>phases</Filter>
    </ClCompile>
    <ClCompile Include="..\..\src\data\data.mainMenuPhase.cpp">
      <Filter>phases</Filter>
    </ClCompile>
    <ClCompile Include="..\..\src\data\data.entityIterator.cpp">
      <Filter>entity</Filter>
    </ClCompile>
    <ClCompile Include="..\..\src\data\data.entityLink.cpp">
      <Filter>entity</Filter>
    </ClCompile>
    <ClCompile Include="..\..\src\data\data.entityList.cpp">
      <Filter>entity</Filter>
    </ClCompile>
    <ClCompile Include="..\..\src\data\data.map.cpp">
      <Filter>entity</Filter>
    </ClCompile>
    <ClCompile Include="..\..\src\data\data.eventSystem.cpp">
      <Filter>events</Filter>
    </ClCompile>
    <ClCompile Include="..\..\src\data\data.event.cpp">
      <Filter>events</Filter>
    </ClCompile>
    <ClCompile Include="..\..\src\data\data.metaEntitySystem.cpp">
      <Filter>metaEntity</Filter>
    </ClCompile>
    <ClCompile Include="..\..\src\data\data.entitySystem.cpp">
      <Filter>entity</Filter>
    </ClCompile>
    <ClCompile Include="..\..\src\data\data.loadPhase.cpp">
      <Filter>phases</Filter>
    </ClCompile>
    <ClCompile Include="..\..\src\data\data.playerSystem.cpp">
      <Filter>player</Filter>
    </ClCompile>
    <ClCompile Include="..\..\src\data\data.pointSystem.cpp">
      <Filter>player</Filter>
    </ClCompile>
    <ClCompile Include="..\..\src\data\data.unloadPhase.cpp">
      <Filter>phases</Filter>
    </ClCompile>
    <ClCompile Include="..\..\src\data\data.highscoreSystem.cpp">
      <Filter>player</Filter>
    </ClCompile>
    <ClCompile Include="..\..\src\data\data.mapPickerSystem.cpp">
      <Filter>player</Filter>
    </ClCompile>
  </ItemGroup>
  <ItemGroup>
    <ClInclude Include="..\..\src\data\data.startupPhase.h">
      <Filter>phases</Filter>
    </ClInclude>
    <ClInclude Include="..\..\src\data\data.shutdownPhase.h">
      <Filter>phases</Filter>
    </ClInclude>
    <ClInclude Include="..\..\src\data\data.mainMenuPhase.h">
      <Filter>phases</Filter>
    </ClInclude>
    <ClInclude Include="..\..\src\data\data.event.h">
      <Filter>events</Filter>
    </ClInclude>
    <ClInclude Include="..\..\src\data\data.eventListener.h">
      <Filter>events</Filter>
    </ClInclude>
    <ClInclude Include="..\..\src\data\data.eventSystem.h">
      <Filter>events</Filter>
    </ClInclude>
    <ClInclude Include="..\..\src\data\data.entity.h">
      <Filter>entity</Filter>
    </ClInclude>
    <ClInclude Include="..\..\src\data\data.entityCategory.h">
      <Filter>entity</Filter>
    </ClInclude>
    <ClInclude Include="..\..\src\data\data.entityFolder.h">
      <Filter>entity</Filter>
    </ClInclude>
    <ClInclude Include="..\..\src\data\data.entityIterator.h">
      <Filter>entity</Filter>
    </ClInclude>
    <ClInclude Include="..\..\src\data\data.entityLink.h">
      <Filter>entity</Filter>
    </ClInclude>
    <ClInclude Include="..\..\src\data\data.entityList.h">
      <Filter>entity</Filter>
    </ClInclude>
    <ClInclude Include="..\..\src\data\data.map.h">
      <Filter>entity</Filter>
    </ClInclude>
    <ClInclude Include="..\..\src\data\data.sector.h">
      <Filter>entity</Filter>
    </ClInclude>
    <ClInclude Include="..\..\src\data\data.metaEntity.h">
      <Filter>metaEntity</Filter>
    </ClInclude>
    <ClInclude Include="..\..\src\data\data.metaEntitySystem.h">
      <Filter>metaEntity</Filter>
    </ClInclude>
    <ClInclude Include="..\..\src\data\data.entitySystem.h">
      <Filter>entity</Filter>
    </ClInclude>
    <ClInclude Include="..\..\src\data\data.loadPhase.h">
      <Filter>phases</Filter>
    </ClInclude>
    <ClInclude Include="..\..\src\data\data.playerSystem.h">
      <Filter>player</Filter>
    </ClInclude>
    <ClInclude Include="..\..\src\data\data.pointSystem.h">
      <Filter>player</Filter>
    </ClInclude>
    <ClInclude Include="..\..\src\data\data.unloadPhase.h">
      <Filter>phases</Filter>
    </ClInclude>
    <ClInclude Include="..\..\src\data\data.highscoreSystem.h">
      <Filter>player</Filter>
    </ClInclude>
    <ClInclude Include="..\..\src\data\data.eventType.h">
      <Filter>events</Filter>
    </ClInclude>
    <ClInclude Include="..\..\src\data\data.commandAction.h">
      <Filter>commands</Filter>
    </ClInclude>
    <ClInclude Include="..\..\src\data\data.mapPickerSystem.h">
      <Filter>player</Filter>
    </ClInclude>
  </ItemGroup>
  <ItemGroup>
    <Filter Include="phases">
      <UniqueIdentifier>{3183bb49-05e2-48a5-bd55-0ea0d365ffb3}</UniqueIdentifier>
    </Filter>
    <Filter Include="events">
      <UniqueIdentifier>{bf804954-64eb-4c85-b0ca-9d0519620e6d}</UniqueIdentifier>
    </Filter>
    <Filter Include="entity">
      <UniqueIdentifier>{edd49726-3e03-42b4-8e61-0397ab3369c0}</UniqueIdentifier>
    </Filter>
    <Filter Include="metaEntity">
      <UniqueIdentifier>{6940ea9d-3ff6-4108-9185-abed3d75ce6a}</UniqueIdentifier>
    </Filter>
    <Filter Include="player">
      <UniqueIdentifier>{13faa63a-91b2-4695-8781-2981ab5a587c}</UniqueIdentifier>
    </Filter>
    <Filter Include="commands">
      <UniqueIdentifier>{4b467f25-053f-4977-9e2a-d365f767ec63}</UniqueIdentifier>
    </Filter>
  </ItemGroup>
  <ItemGroup>
    <Xml Include="..\..\..\..\bin\data.meta-entity.xml">
      <Filter>metaEntity</Filter>
    </Xml>
    <Xml Include="..\..\..\..\bin\data.map-1.xml">
      <Filter>entity</Filter>
    </Xml>
    <Xml Include="..\..\..\..\bin\data.map-2.xml">
      <Filter>entity</Filter>
    </Xml>
  </ItemGroup>
</Project>