<?xml version="1.0" encoding="utf-8"?>
<Project ToolsVersion="4.0" xmlns="http://schemas.microsoft.com/developer/msbuild/2003">
  <ItemGroup>
    <ClInclude Include="..\..\src\game\application.h" />
    <ClInclude Include="..\..\src\game\phase.h" />
    <ClInclude Include="..\..\src\game\play.h" />
  </ItemGroup>
  <ItemGroup>
    <ClCompile Include="..\..\src\game\application.cpp" />
    <ClCompile Include="..\..\src\game\phase.cpp" />
  </ItemGroup>
</Project>